
Microsoft Visual Studio Solution File, Format Version 12.00
# Visual Studio Version 17
VisualStudioVersion = 17.11.35219.272
MinimumVisualStudioVersion = 10.0.40219.1
Project("{FAE04EC0-301F-11D3-BF4B-00C04F79EFBC}") = "Backend", "Backend.csproj", "{B359F711-19A4-44B5-A1C7-356714F15100}"
EndProject
Global
	GlobalSection(SolutionConfigurationPlatforms) = preSolution
		Debug|Any CPU = Debug|Any CPU
		Release|Any CPU = Release|Any CPU
	EndGlobalSection
	GlobalSection(ProjectConfigurationPlatforms) = postSolution
		{B359F711-19A4-44B5-A1C7-356714F15100}.Debug|Any CPU.ActiveCfg = Debug|Any CPU
		{B359F711-19A4-44B5-A1C7-356714F15100}.Debug|Any CPU.Build.0 = Debug|Any CPU
		{B359F711-19A4-44B5-A1C7-356714F15100}.Release|Any CPU.ActiveCfg = Release|Any CPU
		{B359F711-19A4-44B5-A1C7-356714F15100}.Release|Any CPU.Build.0 = Release|Any CPU
	EndGlobalSection
	GlobalSection(SolutionProperties) = preSolution
		HideSolutionNode = FALSE
	EndGlobalSection
	GlobalSection(ExtensibilityGlobals) = postSolution
		SolutionGuid = {C0591E82-EA21-479B-B1D0-337B99FD77F7}
	EndGlobalSection
EndGlobal
